<Solution>
  <Configurations>
    <Configuration Name="Debug" Default="true" />
    <Configuration Name="Release" />
  </Configurations>
  <Platforms>
    <Platform Name="x64" Default="true" />
    <Platform Name="ARM64" />
    <Platform Name="x86" />
  </Platforms>
  <Project Path="{{name}}.csproj" />
</Solution>